
Microsoft Visual Studio Solution File, Format Version 12.00
# Visual Studio 15
VisualStudioVersion = 15.0.28016.0
MinimumVisualStudioVersion = 10.0.40219.1
Project("{2150E333-8FDC-42A3-9474-1A3956D46DE8}") = "src", "src", "{B1E40AAB-47D9-4FB4-9765-40944C924364}"
EndProject
Project("{2150E333-8FDC-42A3-9474-1A3956D46DE8}") = "Subscribe", "Subscribe", "{1525E083-B2C9-4EE0-B1D5-4EDCD54C99C1}"
EndProject
Project("{2150E333-8FDC-42A3-9474-1A3956D46DE8}") = "Publish", "Publish", "{29F6E9DD-8494-40B4-9EA9-D7B4307E8694}"
EndProject
Project("{9A19103F-16F7-4668-BE54-9A1E7A4F7556}") = "Publisher", "Publish\Publisher\Publisher.csproj", "{FDC423B4-0843-4D60-8241-A9C6AF9EB635}"
EndProject
Project("{9A19103F-16F7-4668-BE54-9A1E7A4F7556}") = "Subscribe.Shared", "Subscribe\Subscribe.Shared\Subscribe.Shared.csproj", "{498C67CE-BBD7-4E91-85B3-95150E3B574B}"
EndProject
Project("{9A19103F-16F7-4668-BE54-9A1E7A4F7556}") = "Subscriber.Alpha", "Subscribe\Subscriber.Alpha\Subscriber.Alpha.csproj", "{8A9B4318-9528-4808-9246-0D3CF886F448}"
EndProject
Project("{9A19103F-16F7-4668-BE54-9A1E7A4F7556}") = "Subscriber.Bravo", "Subscribe\Subscriber.Bravo\Subscriber.Bravo.csproj", "{03F057EA-A78D-448A-A038-89B840CF1D90}"
EndProject
Project("{9A19103F-16F7-4668-BE54-9A1E7A4F7556}") = "Subscriber.Charlie", "Subscribe\Subscriber.Charlie\Subscriber.Charlie.csproj", "{AA6D2E5F-6189-41FD-A2C9-D88735F043C0}"
EndProject
Project("{2150E333-8FDC-42A3-9474-1A3956D46DE8}") = "Data", "Data", "{71C737C6-53AD-4853-9E10-25A48CA95230}"
EndProject
Project("{FAE04EC0-301F-11D3-BF4B-00C04F79EFBC}") = "RabbitMqExamples.Data", "Data\RabbitMqExamples.Data\RabbitMqExamples.Data.csproj", "{F5A7FC1A-CF00-422D-BE72-9411E5B60A3F}"
EndProject
Global
	GlobalSection(SolutionConfigurationPlatforms) = preSolution
		Debug|Any CPU = Debug|Any CPU
		Release|Any CPU = Release|Any CPU
	EndGlobalSection
	GlobalSection(ProjectConfigurationPlatforms) = postSolution
		{FDC423B4-0843-4D60-8241-A9C6AF9EB635}.Debug|Any CPU.ActiveCfg = Debug|Any CPU
		{FDC423B4-0843-4D60-8241-A9C6AF9EB635}.Debug|Any CPU.Build.0 = Debug|Any CPU
		{FDC423B4-0843-4D60-8241-A9C6AF9EB635}.Release|Any CPU.ActiveCfg = Release|Any CPU
		{FDC423B4-0843-4D60-8241-A9C6AF9EB635}.Release|Any CPU.Build.0 = Release|Any CPU
		{498C67CE-BBD7-4E91-85B3-95150E3B574B}.Debug|Any CPU.ActiveCfg = Debug|Any CPU
		{498C67CE-BBD7-4E91-85B3-95150E3B574B}.Debug|Any CPU.Build.0 = Debug|Any CPU
		{498C67CE-BBD7-4E91-85B3-95150E3B574B}.Release|Any CPU.ActiveCfg = Release|Any CPU
		{498C67CE-BBD7-4E91-85B3-95150E3B574B}.Release|Any CPU.Build.0 = Release|Any CPU
		{8A9B4318-9528-4808-9246-0D3CF886F448}.Debug|Any CPU.ActiveCfg = Debug|Any CPU
		{8A9B4318-9528-4808-9246-0D3CF886F448}.Debug|Any CPU.Build.0 = Debug|Any CPU
		{8A9B4318-9528-4808-9246-0D3CF886F448}.Release|Any CPU.ActiveCfg = Release|Any CPU
		{8A9B4318-9528-4808-9246-0D3CF886F448}.Release|Any CPU.Build.0 = Release|Any CPU
		{03F057EA-A78D-448A-A038-89B840CF1D90}.Debug|Any CPU.ActiveCfg = Debug|Any CPU
		{03F057EA-A78D-448A-A038-89B840CF1D90}.Debug|Any CPU.Build.0 = Debug|Any CPU
		{03F057EA-A78D-448A-A038-89B840CF1D90}.Release|Any CPU.ActiveCfg = Release|Any CPU
		{03F057EA-A78D-448A-A038-89B840CF1D90}.Release|Any CPU.Build.0 = Release|Any CPU
		{AA6D2E5F-6189-41FD-A2C9-D88735F043C0}.Debug|Any CPU.ActiveCfg = Debug|Any CPU
		{AA6D2E5F-6189-41FD-A2C9-D88735F043C0}.Debug|Any CPU.Build.0 = Debug|Any CPU
		{AA6D2E5F-6189-41FD-A2C9-D88735F043C0}.Release|Any CPU.ActiveCfg = Release|Any CPU
		{AA6D2E5F-6189-41FD-A2C9-D88735F043C0}.Release|Any CPU.Build.0 = Release|Any CPU
		{F5A7FC1A-CF00-422D-BE72-9411E5B60A3F}.Debug|Any CPU.ActiveCfg = Debug|Any CPU
		{F5A7FC1A-CF00-422D-BE72-9411E5B60A3F}.Debug|Any CPU.Build.0 = Debug|Any CPU
		{F5A7FC1A-CF00-422D-BE72-9411E5B60A3F}.Release|Any CPU.ActiveCfg = Release|Any CPU
		{F5A7FC1A-CF00-422D-BE72-9411E5B60A3F}.Release|Any CPU.Build.0 = Release|Any CPU
	EndGlobalSection
	GlobalSection(SolutionProperties) = preSolution
		HideSolutionNode = FALSE
	EndGlobalSection
	GlobalSection(NestedProjects) = preSolution
		{1525E083-B2C9-4EE0-B1D5-4EDCD54C99C1} = {B1E40AAB-47D9-4FB4-9765-40944C924364}
		{29F6E9DD-8494-40B4-9EA9-D7B4307E8694} = {B1E40AAB-47D9-4FB4-9765-40944C924364}
		{FDC423B4-0843-4D60-8241-A9C6AF9EB635} = {29F6E9DD-8494-40B4-9EA9-D7B4307E8694}
		{498C67CE-BBD7-4E91-85B3-95150E3B574B} = {1525E083-B2C9-4EE0-B1D5-4EDCD54C99C1}
		{8A9B4318-9528-4808-9246-0D3CF886F448} = {1525E083-B2C9-4EE0-B1D5-4EDCD54C99C1}
		{03F057EA-A78D-448A-A038-89B840CF1D90} = {1525E083-B2C9-4EE0-B1D5-4EDCD54C99C1}
		{AA6D2E5F-6189-41FD-A2C9-D88735F043C0} = {1525E083-B2C9-4EE0-B1D5-4EDCD54C99C1}
		{71C737C6-53AD-4853-9E10-25A48CA95230} = {B1E40AAB-47D9-4FB4-9765-40944C924364}
		{F5A7FC1A-CF00-422D-BE72-9411E5B60A3F} = {71C737C6-53AD-4853-9E10-25A48CA95230}
	EndGlobalSection
	GlobalSection(ExtensibilityGlobals) = postSolution
		SolutionGuid = {8E87358A-A263-4EFF-A089-79B70F76C384}
	EndGlobalSection
EndGlobal
